{
    "_readme": [
        "This file locks the dependencies of your project to a known state",
        "Read more about it at https://getcomposer.org/doc/01-basic-usage.md#composer-lock-the-lock-file",
        "This file is @generated automatically"
    ],
    "hash": "9620ca781a8f59dca498fdf362349b14",
    "packages": [
        {
            "name": "openeyes/eyedraw",
            "version": "v1.11",
            "source": {
                "type": "git",
                "url": "https://github.com/openeyes/eyedraw.git",
                "reference": "25705214e577c6b52e2b2852005012cfa1e1f905"
            },
            "dist": {
                "type": "zip",
                "url": "https://api.github.com/repos/openeyes/eyedraw/zipball/25705214e577c6b52e2b2852005012cfa1e1f905",
                "reference": "25705214e577c6b52e2b2852005012cfa1e1f905",
                "shasum": ""
            },
            "require": {
                "openeyes/module-installer": "*"
            },
            "type": "openeyes-module",
            "notification-url": "https://packagist.org/downloads/",
            "description": "Electronic Patient Record system for use in Ophthalmology clinics",
            "time": "2015-08-10 10:56:49"
        },
        {
            "name": "openeyes/module-installer",
            "version": "dev-master",
            "source": {
                "type": "git",
                "url": "https://github.com/openeyes/OpenEyesInstaller.git",
                "reference": "9021816e04453de8e0cd6f5c7e33ff5d62fc2f63"
            },
            "dist": {
                "type": "zip",
                "url": "https://api.github.com/repos/openeyes/OpenEyesInstaller/zipball/9021816e04453de8e0cd6f5c7e33ff5d62fc2f63",
                "reference": "9021816e04453de8e0cd6f5c7e33ff5d62fc2f63",
                "shasum": ""
            },
            "require": {
                "composer-plugin-api": "^1.0.0"
            },
            "type": "composer-plugin",
            "extra": {
                "class": "OpenEyes\\Composer\\OpenEyesInstallerPlugin"
            },
            "autoload": {
                "psr-0": {
                    "OpenEyes\\Composer\\": "src/"
                }
            },
            "notification-url": "https://packagist.org/downloads/",
            "description": "Instlaler plugin for OpenEyes modules",
            "time": "2015-06-12 09:02:59"
        },
        {
            "name": "openeyes/oph-ci-examination",
            "version": "dev-hotfix/1.11.1",
            "source": {
                "type": "git",
                "url": "https://github.com/openeyes/OphCiExamination.git",
                "reference": "e7d5a9e1ec694efaf3a81437971ac52b57863f18"
            },
            "dist": {
                "type": "zip",
                "url": "https://api.github.com/repos/openeyes/OphCiExamination/zipball/e7d5a9e1ec694efaf3a81437971ac52b57863f18",
                "reference": "e7d5a9e1ec694efaf3a81437971ac52b57863f18",
                "shasum": ""
            },
            "require": {
                "openeyes/module-installer": "*"
            },
            "type": "openeyes-module",
            "notification-url": "https://packagist.org/downloads/",
            "description": "Examination module for OpenEyes",
            "time": "2015-08-21 12:35:48"
        },
        {
            "name": "openeyes/oph-ci-phasing",
            "version": "dev-master",
            "source": {
                "type": "git",
                "url": "https://github.com/openeyes/OphCiPhasing.git",
                "reference": "5d8ec047cd45146ad39f1fec22a113030dfb7fc3"
            },
            "dist": {
                "type": "zip",
                "url": "https://api.github.com/repos/openeyes/OphCiPhasing/zipball/5d8ec047cd45146ad39f1fec22a113030dfb7fc3",
                "reference": "5d8ec047cd45146ad39f1fec22a113030dfb7fc3",
                "shasum": ""
            },
            "require": {
                "openeyes/module-installer": "*"
            },
            "type": "openeyes-module",
            "notification-url": "https://packagist.org/downloads/",
            "description": "Phasing module for OpenEyes, allows recording of multiple timed IOP values in a single event",
            "time": "2015-03-04 11:24:17"
        },
        {
            "name": "openeyes/oph-co-correspondence",
            "version": "v1.10",
            "source": {
                "type": "git",
                "url": "https://github.com/openeyes/OphCoCorrespondence.git",
                "reference": "7f6338a922e72ff6ff36d12476151e1db487130b"
            },
            "dist": {
                "type": "zip",
                "url": "https://api.github.com/repos/openeyes/OphCoCorrespondence/zipball/7f6338a922e72ff6ff36d12476151e1db487130b",
                "reference": "7f6338a922e72ff6ff36d12476151e1db487130b",
                "shasum": ""
            },
            "require": {
                "openeyes/module-installer": "*"
            },
            "type": "openeyes-module",
            "notification-url": "https://packagist.org/downloads/",
            "description": "Correspondence module for OpenEyes, allows generation of letters",
            "time": "2015-05-18 12:32:49"
        },
        {
            "name": "openeyes/oph-co-therapyapplication",
            "version": "dev-master",
            "source": {
                "type": "git",
                "url": "https://github.com/openeyes/OphCoTherapyapplication.git",
                "reference": "e3edb3b2b2700b64418fd3f26ca1a95680c1dc52"
            },
            "dist": {
                "type": "zip",
                "url": "https://api.github.com/repos/openeyes/OphCoTherapyapplication/zipball/e3edb3b2b2700b64418fd3f26ca1a95680c1dc52",
                "reference": "e3edb3b2b2700b64418fd3f26ca1a95680c1dc52",
                "shasum": ""
            },
            "require": {
                "openeyes/module-installer": "*"
            },
            "type": "openeyes-module",
            "notification-url": "https://packagist.org/downloads/",
            "description": "Generates applications for therapy for patients within OpenEyes",
            "time": "2015-03-05 15:28:50"
        },
        {
            "name": "openeyes/oph-dr-prescription",
            "version": "v1.11",
            "source": {
                "type": "git",
                "url": "https://github.com/openeyes/OphDrPrescription.git",
                "reference": "0aa7f2b3e719c24b2b075b94f1115ef81e374b1f"
            },
            "dist": {
                "type": "zip",
                "url": "https://api.github.com/repos/openeyes/OphDrPrescription/zipball/0aa7f2b3e719c24b2b075b94f1115ef81e374b1f",
                "reference": "0aa7f2b3e719c24b2b075b94f1115ef81e374b1f",
                "shasum": ""
            },
            "require": {
                "openeyes/module-installer": "*"
            },
            "type": "openeyes-module",
            "notification-url": "https://packagist.org/downloads/",
            "description": "Module for generating prescriptions in OpenEyes",
            "time": "2015-08-07 15:07:12"
        },
        {
            "name": "openeyes/oph-in-biometry",
            "version": "dev-release/v1.11",
            "source": {
                "type": "git",
                "url": "https://github.com/openeyes/OphInBiometry.git",
                "reference": "b5dcc997e95dbb7ae3cf674beef916b75cf86de3"
            },
            "dist": {
                "type": "zip",
                "url": "https://api.github.com/repos/openeyes/OphInBiometry/zipball/b5dcc997e95dbb7ae3cf674beef916b75cf86de3",
                "reference": "b5dcc997e95dbb7ae3cf674beef916b75cf86de3",
                "shasum": ""
            },
            "require": {
                "openeyes/module-installer": "*"
            },
            "type": "openeyes-module",
            "notification-url": "https://packagist.org/downloads/",
            "description": "Biometry module for OpenEyes",
            "time": "2015-08-03 11:32:28"
        },
        {
            "name": "openeyes/oph-in-visualfields",
            "version": "dev-release/v1.11",
            "source": {
                "type": "git",
                "url": "https://github.com/openeyes/OphInVisualfields.git",
                "reference": "1374fe0525c1417b3492e33d0c641743551f312b"
            },
            "dist": {
                "type": "zip",
                "url": "https://api.github.com/repos/openeyes/OphInVisualfields/zipball/1374fe0525c1417b3492e33d0c641743551f312b",
                "reference": "1374fe0525c1417b3492e33d0c641743551f312b",
                "shasum": ""
            },
            "require": {
                "openeyes/module-installer": "*"
            },
            "type": "openeyes-module",
            "notification-url": "https://packagist.org/downloads/",
            "description": "Module capable of communicating with Visual Fields machine to import images",
            "time": "2015-08-21 10:02:54"
        },
        {
            "name": "openeyes/oph-ou-anaestheticsatisfactionaudit",
            "version": "dev-master",
            "source": {
                "type": "git",
                "url": "https://github.com/openeyes/OphOuAnaestheticsatisfactionaudit.git",
                "reference": "943195f82b702c4f2e049bdf7983529ab6eb84f2"
            },
            "dist": {
                "type": "zip",
                "url": "https://api.github.com/repos/openeyes/OphOuAnaestheticsatisfactionaudit/zipball/943195f82b702c4f2e049bdf7983529ab6eb84f2",
                "reference": "943195f82b702c4f2e049bdf7983529ab6eb84f2",
                "shasum": ""
            },
            "require": {
                "openeyes/module-installer": "*"
            },
            "type": "openeyes-module",
            "notification-url": "https://packagist.org/downloads/",
            "description": "Module for auditing Anaesthetic Satisfaction in OpenEyes",
            "time": "2015-03-05 15:31:31"
        },
        {
            "name": "openeyes/oph-tr-consent",
            "version": "v1.11",
            "source": {
                "type": "git",
                "url": "https://github.com/openeyes/OphTrConsent.git",
                "reference": "020ff26c6614412153e926be11c4e6483229eae8"
            },
            "dist": {
                "type": "zip",
                "url": "https://api.github.com/repos/openeyes/OphTrConsent/zipball/020ff26c6614412153e926be11c4e6483229eae8",
                "reference": "020ff26c6614412153e926be11c4e6483229eae8",
                "shasum": ""
            },
            "require": {
                "openeyes/module-installer": "*"
            },
            "type": "openeyes-module",
            "notification-url": "https://packagist.org/downloads/",
            "description": "Generates consent forms for scheduled and unscheduled operations",
            "time": "2015-08-10 10:55:45"
        },
        {
            "name": "openeyes/oph-tr-intravitrealinjection",
            "version": "v1.11",
            "source": {
                "type": "git",
                "url": "https://github.com/openeyes/OphTrIntravitrealinjection.git",
                "reference": "ca12440938c3c776737ee5cdaece0c62358dbfbb"
            },
            "dist": {
                "type": "zip",
                "url": "https://api.github.com/repos/openeyes/OphTrIntravitrealinjection/zipball/ca12440938c3c776737ee5cdaece0c62358dbfbb",
                "reference": "ca12440938c3c776737ee5cdaece0c62358dbfbb",
                "shasum": ""
            },
            "require": {
                "openeyes/module-installer": "*"
            },
            "type": "openeyes-module",
            "notification-url": "https://packagist.org/downloads/",
            "description": "Records intravitreal injection events for patients within OpenEyes",
            "time": "2015-08-10 10:58:18"
        },
        {
            "name": "openeyes/oph-tr-laser",
            "version": "dev-master",
            "source": {
                "type": "git",
                "url": "https://github.com/openeyes/OphTrLaser.git",
                "reference": "7b2a663026b6bb98226ffa4cf51ca4192e123b7c"
            },
            "dist": {
                "type": "zip",
                "url": "https://api.github.com/repos/openeyes/OphTrLaser/zipball/7b2a663026b6bb98226ffa4cf51ca4192e123b7c",
                "reference": "7b2a663026b6bb98226ffa4cf51ca4192e123b7c",
                "shasum": ""
            },
            "require": {
                "openeyes/module-installer": "*"
            },
            "type": "openeyes-module",
            "notification-url": "https://packagist.org/downloads/",
            "description": "Laser Event module for OpenEyes, designed to record laser surgery events for patients.",
            "time": "2015-03-04 11:46:06"
        },
        {
            "name": "openeyes/oph-tr-operationbooking",
            "version": "dev-hotfix/1.11.1",
            "source": {
                "type": "git",
                "url": "https://github.com/openeyes/OphTrOperationbooking.git",
                "reference": "095e0e3413e2d18996ba50f8a55fd8df35e2ce41"
            },
            "dist": {
                "type": "zip",
                "url": "https://api.github.com/repos/openeyes/OphTrOperationbooking/zipball/095e0e3413e2d18996ba50f8a55fd8df35e2ce41",
                "reference": "095e0e3413e2d18996ba50f8a55fd8df35e2ce41",
                "shasum": ""
            },
            "require": {
                "openeyes/module-installer": "*"
            },
            "type": "openeyes-module",
            "notification-url": "https://packagist.org/downloads/",
            "description": "Module for booking operations in OpenEyes",
            "time": "2015-08-26 10:46:39"
        },
        {
            "name": "openeyes/oph-tr-operationnote",
            "version": "v1.11",
            "source": {
                "type": "git",
                "url": "https://github.com/openeyes/OphTrOperationnote.git",
                "reference": "68831f684caea04516615c36f0ac8b0cba2d1980"
            },
            "dist": {
                "type": "zip",
                "url": "https://api.github.com/repos/openeyes/OphTrOperationnote/zipball/68831f684caea04516615c36f0ac8b0cba2d1980",
                "reference": "68831f684caea04516615c36f0ac8b0cba2d1980",
                "shasum": ""
            },
            "require": {
                "openeyes/module-installer": "*"
            },
            "type": "openeyes-module",
            "notification-url": "https://packagist.org/downloads/",
            "description": "Operation note module for OpenEyes",
            "time": "2015-08-10 11:01:38"
        },
        {
            "name": "openeyes/patient-ticketing",
            "version": "v1.10",
            "source": {
                "type": "git",
                "url": "https://github.com/openeyes/PatientTicketing.git",
                "reference": "960b9a966625be17932f9fe7596c0684fc1ece4a"
            },
            "dist": {
                "type": "zip",
                "url": "https://api.github.com/repos/openeyes/PatientTicketing/zipball/960b9a966625be17932f9fe7596c0684fc1ece4a",
                "reference": "960b9a966625be17932f9fe7596c0684fc1ece4a",
                "shasum": ""
            },
            "require": {
                "openeyes/module-installer": "*"
            },
            "type": "openeyes-module",
            "notification-url": "https://packagist.org/downloads/",
            "description": "Provides a generic ticketing system to track patients through multiple pathways",
            "time": "2015-05-18 12:41:18"
        },
        {
            "name": "yiisoft/yii",
            "version": "1.1.14",
            "source": {
                "type": "git",
                "url": "https://github.com/yiisoft/yii.git",
                "reference": "f0fee98ee84f70f1f3652f65562c9670e919cb4e"
            },
            "dist": {
                "type": "zip",
                "url": "https://api.github.com/repos/yiisoft/yii/zipball/f0fee98ee84f70f1f3652f65562c9670e919cb4e",
                "reference": "f0fee98ee84f70f1f3652f65562c9670e919cb4e",
                "shasum": ""
            },
            "require": {
                "php": ">=5.1.0"
            },
            "bin": [
                "framework/yiic"
            ],
            "type": "library",
            "notification-url": "https://packagist.org/downloads/",
            "license": [
                "BSD-3-Clause"
            ],
            "authors": [
                {
                    "name": "Qiang Xue",
                    "email": "qiang.xue@gmail.com",
                    "homepage": "http://www.yiiframework.com/",
                    "role": "Founder and project lead"
                },
                {
                    "name": "Alexander Makarov",
                    "email": "sam@rmcreative.ru",
                    "homepage": "http://rmcreative.ru/",
                    "role": "Core framework development"
                },
                {
                    "name": "Maurizio Domba",
                    "homepage": "http://mdomba.info/",
                    "role": "Core framework development"
                },
                {
                    "name": "Carsten Brandt",
                    "email": "mail@cebe.cc",
                    "homepage": "http://cebe.cc/",
                    "role": "Core framework development"
                },
                {
                    "name": "Wei Zhuo",
                    "email": "weizhuo@gmail.com",
                    "role": "Project site maintenance and development"
                },
                {
                    "name": "Sebastián Thierer",
                    "email": "sebas@artfos.com",
                    "role": "Component development"
                },
                {
                    "name": "Jeffrey Winesett",
                    "email": "jefftulsa@gmail.com",
                    "role": "Documentation and marketing"
                },
                {
                    "name": "Timur Ruziev",
                    "email": "resurtm@gmail.com",
                    "homepage": "http://resurtm.com/",
                    "role": "Core framework development"
                },
                {
                    "name": "Paul Klimov",
                    "email": "klimov.paul@gmail.com",
                    "role": "Core framework development"
                }
            ],
            "description": "Yii Web Programming Framework",
            "homepage": "http://www.yiiframework.com/",
            "keywords": [
                "framework",
                "yii"
            ],
            "time": "2013-08-12 00:12:08"
        }
    ],
    "packages-dev": null,
    "aliases": [],
    "minimum-stability": "dev",
    "stability-flags": {
        "openeyes/oph-ci-examination": 20,
        "openeyes/oph-ci-phasing": 20,
        "openeyes/oph-co-therapyapplication": 20,
        "openeyes/oph-ou-anaestheticsatisfactionaudit": 20,
        "openeyes/oph-tr-operationbooking": 20,
        "openeyes/oph-tr-laser": 20,
        "openeyes/oph-in-visualfields": 20,
        "openeyes/oph-in-biometry": 20,
        "phpmd/phpmd": 0
    },
    "prefer-stable": false,
    "prefer-lowest": false,
    "platform": [],
    "platform-dev": []
}
